
Microsoft Visual Studio Solution File, Format Version 12.00
# Visual Studio Version 17
VisualStudioVersion = 17.8.34330.188
MinimumVisualStudioVersion = 10.0.40219.1
Project("{FAE04EC0-301F-11D3-BF4B-00C04F79EFBC}") = "UdrdLib", "UdrdLib.csproj", "{3F264F63-A0BC-4D9B-98AC-B59A3BA64BB5}"
EndProject
Project("{FAE04EC0-301F-11D3-BF4B-00C04F79EFBC}") = "UdrdLibTests", "..\UdrdLibTests\UdrdLibTests.csproj", "{B8FF3569-495B-4712-85CD-E2A24C95D7C1}"
EndProject
Global
	GlobalSection(SolutionConfigurationPlatforms) = preSolution
		Debug|Any CPU = Debug|Any CPU
		Release|Any CPU = Release|Any CPU
	EndGlobalSection
	GlobalSection(ProjectConfigurationPlatforms) = postSolution
		{3F264F63-A0BC-4D9B-98AC-B59A3BA64BB5}.Debug|Any CPU.ActiveCfg = Debug|Any CPU
		{3F264F63-A0BC-4D9B-98AC-B59A3BA64BB5}.Debug|Any CPU.Build.0 = Debug|Any CPU
		{3F264F63-A0BC-4D9B-98AC-B59A3BA64BB5}.Release|Any CPU.ActiveCfg = Release|Any CPU
		{3F264F63-A0BC-4D9B-98AC-B59A3BA64BB5}.Release|Any CPU.Build.0 = Release|Any CPU
		{B8FF3569-495B-4712-85CD-E2A24C95D7C1}.Debug|Any CPU.ActiveCfg = Debug|Any CPU
		{B8FF3569-495B-4712-85CD-E2A24C95D7C1}.Debug|Any CPU.Build.0 = Debug|Any CPU
		{B8FF3569-495B-4712-85CD-E2A24C95D7C1}.Release|Any CPU.ActiveCfg = Release|Any CPU
		{B8FF3569-495B-4712-85CD-E2A24C95D7C1}.Release|Any CPU.Build.0 = Release|Any CPU
	EndGlobalSection
	GlobalSection(SolutionProperties) = preSolution
		HideSolutionNode = FALSE
	EndGlobalSection
	GlobalSection(ExtensibilityGlobals) = postSolution
		SolutionGuid = {D59D8281-21C0-4664-A256-F15A9CDFBE99}
	EndGlobalSection
EndGlobal
